// !$*UTF8*$!
{
	archiveVersion = 1;
	classes = {
	};
	objectVersion = 56;
	objects = {

/* Begin PBXBuildFile section */
		C195CC6629EB18D300B07E1E /* SchedulePlusApp.swift in Sources */ = {isa = PBXBuildFile; fileRef = C195CC6529EB18D300B07E1E /* SchedulePlusApp.swift */; };
		C195CC6829EB18D300B07E1E /* ContentView.swift in Sources */ = {isa = PBXBuildFile; fileRef = C195CC6729EB18D300B07E1E /* ContentView.swift */; };
		C195CC6A29EB18D400B07E1E /* Assets.xcassets in Resources */ = {isa = PBXBuildFile; fileRef = C195CC6929EB18D400B07E1E /* Assets.xcassets */; };
		C195CC6D29EB18D400B07E1E /* Preview Assets.xcassets in Resources */ = {isa = PBXBuildFile; fileRef = C195CC6C29EB18D400B07E1E /* Preview Assets.xcassets */; };
		C195CC6F29EB18D400B07E1E /* DataController.swift in Sources */ = {isa = PBXBuildFile; fileRef = C195CC6E29EB18D400B07E1E /* DataController.swift */; };
		C195CC7229EB18D400B07E1E /* SchedulePlus.xcdatamodeld in Sources */ = {isa = PBXBuildFile; fileRef = C195CC7029EB18D400B07E1E /* SchedulePlus.xcdatamodeld */; };
		C195CD6629FADBE900B07E1E /* AddEmployee.swift in Sources */ = {isa = PBXBuildFile; fileRef = C195CD6529FADBE900B07E1E /* AddEmployee.swift */; };
/* End PBXBuildFile section */

/* Begin PBXFileReference section */
		C195CC6229EB18D300B07E1E /* SchedulePlus.app */ = {isa = PBXFileReference; explicitFileType = wrapper.application; includeInIndex = 0; path = SchedulePlus.app; sourceTree = BUILT_PRODUCTS_DIR; };
		C195CC6529EB18D300B07E1E /* SchedulePlusApp.swift */ = {isa = PBXFileReference; lastKnownFileType = sourcecode.swift; path = SchedulePlusApp.swift; sourceTree = "<group>"; };
		C195CC6729EB18D300B07E1E /* ContentView.swift */ = {isa = PBXFileReference; lastKnownFileType = sourcecode.swift; path = ContentView.swift; sourceTree = "<group>"; };
		C195CC6929EB18D400B07E1E /* Assets.xcassets */ = {isa = PBXFileReference; lastKnownFileType = folder.assetcatalog; path = Assets.xcassets; sourceTree = "<group>"; };
		C195CC6C29EB18D400B07E1E /* Preview Assets.xcassets */ = {isa = PBXFileReference; lastKnownFileType = folder.assetcatalog; path = "Preview Assets.xcassets"; sourceTree = "<group>"; };
		C195CC6E29EB18D400B07E1E /* DataController.swift */ = {isa = PBXFileReference; lastKnownFileType = sourcecode.swift; path = DataController.swift; sourceTree = "<group>"; };
		C195CC7129EB18D400B07E1E /* SchedulePlus.xcdatamodel */ = {isa = PBXFileReference; lastKnownFileType = wrapper.xcdatamodel; path = SchedulePlus.xcdatamodel; sourceTree = "<group>"; };
		C195CC7329EB18D400B07E1E /* Info.plist */ = {isa = PBXFileReference; lastKnownFileType = text.plist.xml; path = Info.plist; sourceTree = "<group>"; };
		C195CD6529FADBE900B07E1E /* AddEmployee.swift */ = {isa = PBXFileReference; lastKnownFileType = sourcecode.swift; path = AddEmployee.swift; sourceTree = "<group>"; };
/* End PBXFileReference section */

/* Begin PBXFrameworksBuildPhase section */
		C195CC5F29EB18D300B07E1E /* Frameworks */ = {
			isa = PBXFrameworksBuildPhase;
			buildActionMask = 2147483647;
			files = (
			);
			runOnlyForDeploymentPostprocessing = 0;
		};
/* End PBXFrameworksBuildPhase section */

/* Begin PBXGroup section */
		C195CC5929EB18D300B07E1E = {
			isa = PBXGroup;
			children = (
				C195CC6429EB18D300B07E1E /* SchedulePlus */,
				C195CC6329EB18D300B07E1E /* Products */,
			);
			sourceTree = "<group>";
		};
		C195CC6329EB18D300B07E1E /* Products */ = {
			isa = PBXGroup;
			children = (
				C195CC6229EB18D300B07E1E /* SchedulePlus.app */,
			);
			name = Products;
			sourceTree = "<group>";
		};
		C195CC6429EB18D300B07E1E /* SchedulePlus */ = {
			isa = PBXGroup;
			children = (
				C195CC6529EB18D300B07E1E /* SchedulePlusApp.swift */,
				C195CC6729EB18D300B07E1E /* ContentView.swift */,
				C195CC6929EB18D400B07E1E /* Assets.xcassets */,
				C195CC6E29EB18D400B07E1E /* DataController.swift */,
				C195CD6529FADBE900B07E1E /* AddEmployee.swift */,
				C195CC7329EB18D400B07E1E /* Info.plist */,
				C195CC7029EB18D400B07E1E /* SchedulePlus.xcdatamodeld */,
				C195CC6B29EB18D400B07E1E /* Preview Content */,
			);
			path = SchedulePlus;
			sourceTree = "<group>";
		};
		C195CC6B29EB18D400B07E1E /* Preview Content */ = {
			isa = PBXGroup;
			children = (
				C195CC6C29EB18D400B07E1E /* Preview Assets.xcassets */,
			);
			path = "Preview Content";
			sourceTree = "<group>";
		};
/* End PBXGroup section */

/* Begin PBXNativeTarget section */
		C195CC6129EB18D300B07E1E /* SchedulePlus */ = {
			isa = PBXNativeTarget;
			buildConfigurationList = C195CC7629EB18D400B07E1E /* Build configuration list for PBXNativeTarget "SchedulePlus" */;
			buildPhases = (
				C195CC5E29EB18D300B07E1E /* Sources */,
				C195CC5F29EB18D300B07E1E /* Frameworks */,
				C195CC6029EB18D300B07E1E /* Resources */,
			);
			buildRules = (
			);
			dependencies = (
			);
			name = SchedulePlus;
			productName = SchedulePlus;
			productReference = C195CC6229EB18D300B07E1E /* SchedulePlus.app */;
			productType = "com.apple.product-type.application";
		};
/* End PBXNativeTarget section */

/* Begin PBXProject section */
		C195CC5A29EB18D300B07E1E /* Project object */ = {
			isa = PBXProject;
			attributes = {
				BuildIndependentTargetsInParallel = 1;
				LastSwiftUpdateCheck = 1430;
				LastUpgradeCheck = 1430;
				TargetAttributes = {
					C195CC6129EB18D300B07E1E = {
						CreatedOnToolsVersion = 14.3;
					};
				};
			};
			buildConfigurationList = C195CC5D29EB18D300B07E1E /* Build configuration list for PBXProject "SchedulePlus" */;
			compatibilityVersion = "Xcode 14.0";
			developmentRegion = en;
			hasScannedForEncodings = 0;
			knownRegions = (
				en,
				Base,
			);
			mainGroup = C195CC5929EB18D300B07E1E;
			productRefGroup = C195CC6329EB18D300B07E1E /* Products */;
			projectDirPath = "";
			projectRoot = "";
			targets = (
				C195CC6129EB18D300B07E1E /* SchedulePlus */,
			);
		};
/* End PBXProject section */

/* Begin PBXResourcesBuildPhase section */
		C195CC6029EB18D300B07E1E /* Resources */ = {
			isa = PBXResourcesBuildPhase;
			buildActionMask = 2147483647;
			files = (
				C195CC6D29EB18D400B07E1E /* Preview Assets.xcassets in Resources */,
				C195CC6A29EB18D400B07E1E /* Assets.xcassets in Resources */,
			);
			runOnlyForDeploymentPostprocessing = 0;
		};
/* End PBXResourcesBuildPhase section */

/* Begin PBXSourcesBuildPhase section */
		C195CC5E29EB18D300B07E1E /* Sources */ = {
			isa = PBXSourcesBuildPhase;
			buildActionMask = 2147483647;
			files = (
				C195CC6F29EB18D400B07E1E /* DataController.swift in Sources */,
				C195CC6829EB18D300B07E1E /* ContentView.swift in Sources */,
				C195CC7229EB18D400B07E1E /* SchedulePlus.xcdatamodeld in Sources */,
				C195CD6629FADBE900B07E1E /* AddEmployee.swift in Sources */,
				C195CC6629EB18D300B07E1E /* SchedulePlusApp.swift in Sources */,
			);
			runOnlyForDeploymentPostprocessing = 0;
		};
/* End PBXSourcesBuildPhase section */

/* Begin XCBuildConfiguration section */
		C195CC7429EB18D400B07E1E /* Debug */ = {
			isa = XCBuildConfiguration;
			buildSettings = {
				ALWAYS_SEARCH_USER_PATHS = NO;
				CLANG_ANALYZER_NONNULL = YES;
				CLANG_ANALYZER_NUMBER_OBJECT_CONVERSION = YES_AGGRESSIVE;
				CLANG_CXX_LANGUAGE_STANDARD = "gnu++20";
				CLANG_ENABLE_MODULES = YES;
				CLANG_ENABLE_OBJC_ARC = YES;
				CLANG_ENABLE_OBJC_WEAK = YES;
				CLANG_WARN_BLOCK_CAPTURE_AUTORELEASING = YES;
				CLANG_WARN_BOOL_CONVERSION = YES;
				CLANG_WARN_COMMA = YES;
				CLANG_WARN_CONSTANT_CONVERSION = YES;
				CLANG_WARN_DEPRECATED_OBJC_IMPLEMENTATIONS = YES;
				CLANG_WARN_DIRECT_OBJC_ISA_USAGE = YES_ERROR;
				CLANG_WARN_DOCUMENTATION_COMMENTS = YES;
				CLANG_WARN_EMPTY_BODY = YES;
				CLANG_WARN_ENUM_CONVERSION = YES;
				CLANG_WARN_INFINITE_RECURSION = YES;
				CLANG_WARN_INT_CONVERSION = YES;
				CLANG_WARN_NON_LITERAL_NULL_CONVERSION = YES;
				CLANG_WARN_OBJC_IMPLICIT_RETAIN_SELF = YES;
				CLANG_WARN_OBJC_LITERAL_CONVERSION = YES;
				CLANG_WARN_OBJC_ROOT_CLASS = YES_ERROR;
				CLANG_WARN_QUOTED_INCLUDE_IN_FRAMEWORK_HEADER = YES;
				CLANG_WARN_RANGE_LOOP_ANALYSIS = YES;
				CLANG_WARN_STRICT_PROTOTYPES = YES;
				CLANG_WARN_SUSPICIOUS_MOVE = YES;
				CLANG_WARN_UNGUARDED_AVAILABILITY = YES_AGGRESSIVE;
				CLANG_WARN_UNREACHABLE_CODE = YES;
				CLANG_WARN__DUPLICATE_METHOD_MATCH = YES;
				COPY_PHASE_STRIP = NO;
				DEBUG_INFORMATION_FORMAT = dwarf;
				ENABLE_STRICT_OBJC_MSGSEND = YES;
				ENABLE_TESTABILITY = YES;
				GCC_C_LANGUAGE_STANDARD = gnu11;
				GCC_DYNAMIC_NO_PIC = NO;
				GCC_NO_COMMON_BLOCKS = YES;
				GCC_OPTIMIZATION_LEVEL = 0;
				GCC_PREPROCESSOR_DEFINITIONS = (
					"DEBUG=1",
					"$(inherited)",
				);
				GCC_WARN_64_TO_32_BIT_CONVERSION = YES;
				GCC_WARN_ABOUT_RETURN_TYPE = YES_ERROR;
				GCC_WARN_UNDECLARED_SELECTOR = YES;
				GCC_WARN_UNINITIALIZED_AUTOS = YES_AGGRESSIVE;
				GCC_WARN_UNUSED_FUNCTION = YES;
				GCC_WARN_UNUSED_VARIABLE = YES;
				IPHONEOS_DEPLOYMENT_TARGET = 16.4;
				MTL_ENABLE_DEBUG_INFO = INCLUDE_SOURCE;
				MTL_FAST_MATH = YES;
				ONLY_ACTIVE_ARCH = YES;
				SDKROOT = iphoneos;
				SWIFT_ACTIVE_COMPILATION_CONDITIONS = DEBUG;
				SWIFT_OPTIMIZATION_LEVEL = "-Onone";
			};
			name = Debug;
		};
		C195CC7529EB18D400B07E1E /* Release */ = {
			isa = XCBuildConfiguration;
			buildSettings = {
				ALWAYS_SEARCH_USER_PATHS = NO;
				CLANG_ANALYZER_NONNULL = YES;
				CLANG_ANALYZER_NUMBER_OBJECT_CONVERSION = YES_AGGRESSIVE;
				CLANG_CXX_LANGUAGE_STANDARD = "gnu++20";
				CLANG_ENABLE_MODULES = YES;
				CLANG_ENABLE_OBJC_ARC = YES;
				CLANG_ENABLE_OBJC_WEAK = YES;
				CLANG_WARN_BLOCK_CAPTURE_AUTORELEASING = YES;
				CLANG_WARN_BOOL_CONVERSION = YES;
				CLANG_WARN_COMMA = YES;
				CLANG_WARN_CONSTANT_CONVERSION = YES;
				CLANG_WARN_DEPRECATED_OBJC_IMPLEMENTATIONS = YES;
				CLANG_WARN_DIRECT_OBJC_ISA_USAGE = YES_ERROR;
				CLANG_WARN_DOCUMENTATION_COMMENTS = YES;
				CLANG_WARN_EMPTY_BODY = YES;
				CLANG_WARN_ENUM_CONVERSION = YES;
				CLANG_WARN_INFINITE_RECURSION = YES;
				CLANG_WARN_INT_CONVERSION = YES;
				CLANG_WARN_NON_LITERAL_NULL_CONVERSION = YES;
				CLANG_WARN_OBJC_IMPLICIT_RETAIN_SELF = YES;
				CLANG_WARN_OBJC_LITERAL_CONVERSION = YES;
				CLANG_WARN_OBJC_ROOT_CLASS = YES_ERROR;
				CLANG_WARN_QUOTED_INCLUDE_IN_FRAMEWORK_HEADER = YES;
				CLANG_WARN_RANGE_LOOP_ANALYSIS = YES;
				CLANG_WARN_STRICT_PROTOTYPES = YES;
				CLANG_WARN_SUSPICIOUS_MOVE = YES;
				CLANG_WARN_UNGUARDED_AVAILABILITY = YES_AGGRESSIVE;
				CLANG_WARN_UNREACHABLE_CODE = YES;
				CLANG_WARN__DUPLICATE_METHOD_MATCH = YES;
				COPY_PHASE_STRIP = NO;
				DEBUG_INFORMATION_FORMAT = "dwarf-with-dsym";
				ENABLE_NS_ASSERTIONS = NO;
				ENABLE_STRICT_OBJC_MSGSEND = YES;
				GCC_C_LANGUAGE_STANDARD = gnu11;
				GCC_NO_COMMON_BLOCKS = YES;
				GCC_WARN_64_TO_32_BIT_CONVERSION = YES;
				GCC_WARN_ABOUT_RETURN_TYPE = YES_ERROR;
				GCC_WARN_UNDECLARED_SELECTOR = YES;
				GCC_WARN_UNINITIALIZED_AUTOS = YES_AGGRESSIVE;
				GCC_WARN_UNUSED_FUNCTION = YES;
				GCC_WARN_UNUSED_VARIABLE = YES;
				IPHONEOS_DEPLOYMENT_TARGET = 16.4;
				MTL_ENABLE_DEBUG_INFO = NO;
				MTL_FAST_MATH = YES;
				SDKROOT = iphoneos;
				SWIFT_COMPILATION_MODE = wholemodule;
				SWIFT_OPTIMIZATION_LEVEL = "-O";
				VALIDATE_PRODUCT = YES;
			};
			name = Release;
		};
		C195CC7729EB18D400B07E1E /* Debug */ = {
			isa = XCBuildConfiguration;
			buildSettings = {
				ASSETCATALOG_COMPILER_APPICON_NAME = AppIcon;
				ASSETCATALOG_COMPILER_GLOBAL_ACCENT_COLOR_NAME = AccentColor;
				CODE_SIGN_STYLE = Automatic;
				CURRENT_PROJECT_VERSION = 1;
				DEVELOPMENT_ASSET_PATHS = "\"SchedulePlus/Preview Content\"";
				DEVELOPMENT_TEAM = 6KG9KP6856;
				ENABLE_PREVIEWS = YES;
				GENERATE_INFOPLIST_FILE = YES;
				INFOPLIST_KEY_UIApplicationSceneManifest_Generation = YES;
				INFOPLIST_KEY_UIApplicationSupportsIndirectInputEvents = YES;
				INFOPLIST_KEY_UILaunchScreen_Generation = YES;
				INFOPLIST_KEY_UISupportedInterfaceOrientations = UIInterfaceOrientationPortrait;
				INFOPLIST_KEY_UISupportedInterfaceOrientations_iPad = "UIInterfaceOrientationLandscapeLeft UIInterfaceOrientationLandscapeRight UIInterfaceOrientationPortraitUpsideDown";
				LD_RUNPATH_SEARCH_PATHS = (
					"$(inherited)",
					"@executable_path/Frameworks",
				);
				MARKETING_VERSION = 1.0;
				PRODUCT_BUNDLE_IDENTIFIER = com.made.andres.SchedulePlus;
				PRODUCT_NAME = "$(TARGET_NAME)";
				SWIFT_EMIT_LOC_STRINGS = YES;
				SWIFT_VERSION = 5.0;
				TARGETED_DEVICE_FAMILY = "1,2";
			};
			name = Debug;
		};
		C195CC7829EB18D400B07E1E /* Release */ = {
			isa = XCBuildConfiguration;
			buildSettings = {
				ASSETCATALOG_COMPILER_APPICON_NAME = AppIcon;
				ASSETCATALOG_COMPILER_GLOBAL_ACCENT_COLOR_NAME = AccentColor;
				CODE_SIGN_STYLE = Automatic;
				CURRENT_PROJECT_VERSION = 1;
				DEVELOPMENT_ASSET_PATHS = "\"SchedulePlus/Preview Content\"";
				DEVELOPMENT_TEAM = 6KG9KP6856;
				ENABLE_PREVIEWS = YES;
				GENERATE_INFOPLIST_FILE = YES;
				INFOPLIST_KEY_UIApplicationSceneManifest_Generation = YES;
				INFOPLIST_KEY_UIApplicationSupportsIndirectInputEvents = YES;
				INFOPLIST_KEY_UILaunchScreen_Generation = YES;
				INFOPLIST_KEY_UISupportedInterfaceOrientations = UIInterfaceOrientationPortrait;
				INFOPLIST_KEY_UISupportedInterfaceOrientations_iPad = "UIInterfaceOrientationLandscapeLeft UIInterfaceOrientationLandscapeRight UIInterfaceOrientationPortraitUpsideDown";
				LD_RUNPATH_SEARCH_PATHS = (
					"$(inherited)",
					"@executable_path/Frameworks",
				);
				MARKETING_VERSION = 1.0;
				PRODUCT_BUNDLE_IDENTIFIER = com.made.andres.SchedulePlus;
				PRODUCT_NAME = "$(TARGET_NAME)";
				SWIFT_EMIT_LOC_STRINGS = YES;
				SWIFT_VERSION = 5.0;
				TARGETED_DEVICE_FAMILY = "1,2";
			};
			name = Release;
		};
/* End XCBuildConfiguration section */

/* Begin XCConfigurationList section */
		C195CC5D29EB18D300B07E1E /* Build configuration list for PBXProject "SchedulePlus" */ = {
			isa = XCConfigurationList;
			buildConfigurations = (
				C195CC7429EB18D400B07E1E /* Debug */,
				C195CC7529EB18D400B07E1E /* Release */,
			);
			defaultConfigurationIsVisible = 0;
			defaultConfigurationName = Release;
		};
		C195CC7629EB18D400B07E1E /* Build configuration list for PBXNativeTarget "SchedulePlus" */ = {
			isa = XCConfigurationList;
			buildConfigurations = (
				C195CC7729EB18D400B07E1E /* Debug */,
				C195CC7829EB18D400B07E1E /* Release */,
			);
			defaultConfigurationIsVisible = 0;
			defaultConfigurationName = Release;
		};
/* End XCConfigurationList section */

/* Begin XCVersionGroup section */
		C195CC7029EB18D400B07E1E /* SchedulePlus.xcdatamodeld */ = {
			isa = XCVersionGroup;
			children = (
				C195CC7129EB18D400B07E1E /* SchedulePlus.xcdatamodel */,
			);
			currentVersion = C195CC7129EB18D400B07E1E /* SchedulePlus.xcdatamodel */;
			path = SchedulePlus.xcdatamodeld;
			sourceTree = "<group>";
			versionGroupType = wrapper.xcdatamodel;
		};
/* End XCVersionGroup section */
	};
	rootObject = C195CC5A29EB18D300B07E1E /* Project object */;
}
